{
  "version": 4,
  "terraform_version": "1.8.3",
  "serial": 1,
  "lineage": "b5a1eac8-6f35-90c2-adb5-dd6cbc91f529",
  "outputs": {},
  "resources": [
    {
      "mode": "managed",
      "type": "github_repository",
      "name": "example",
      "provider": "provider[\"registry.terraform.io/integrations/github\"]",
      "instances": [
        {
          "schema_version": 1,
          "attributes": {
            "allow_auto_merge": false,
            "allow_merge_commit": true,
            "allow_rebase_merge": true,
            "allow_squash_merge": true,
            "allow_update_branch": false,
            "archive_on_destroy": null,
            "archived": false,
            "auto_init": null,
            "default_branch": "main",
            "delete_branch_on_merge": false,
            "description": "",
            "etag": "W/\"00571cfcc485382a8abcbd3fc16ea707fe60d9229bbda57a91925d2581dbe45a\"",
            "full_name": "Prashant-Atla/terraformtestdeploy",
            "git_clone_url": "git://github.com/Prashant-Atla/terraformtestdeploy.git",
            "gitignore_template": null,
            "has_discussions": false,
            "has_downloads": false,
            "has_issues": false,
            "has_projects": false,
            "has_wiki": false,
            "homepage_url": "",
            "html_url": "https://github.com/Prashant-Atla/terraformtestdeploy",
            "http_clone_url": "https://github.com/Prashant-Atla/terraformtestdeploy.git",
            "id": "terraformtestdeploy",
            "ignore_vulnerability_alerts_during_read": null,
            "is_template": false,
            "license_template": null,
            "merge_commit_message": "PR_TITLE",
            "merge_commit_title": "MERGE_MESSAGE",
            "name": "terraformtestdeploy",
            "node_id": "R_kgDOMKBmEg",
            "pages": [],
            "primary_language": "",
            "private": true,
            "repo_id": 815818258,
            "security_and_analysis": [],
            "squash_merge_commit_message": "COMMIT_MESSAGES",
            "squash_merge_commit_title": "COMMIT_OR_PR_TITLE",
            "ssh_clone_url": "git@github.com:Prashant-Atla/terraformtestdeploy.git",
            "svn_url": "https://github.com/Prashant-Atla/terraformtestdeploy",
            "template": [],
            "topics": [],
            "visibility": "private",
            "vulnerability_alerts": false,
            "web_commit_signoff_required": false
          },
          "sensitive_attributes": [],
          "private": "eyJzY2hlbWFfdmVyc2lvbiI6IjEifQ=="
        }
      ]
    }
  ],
  "check_results": null
}
